
Microsoft Visual Studio Solution File, Format Version 12.00
# Visual Studio Version 16
VisualStudioVersion = 16.0.29102.190
MinimumVisualStudioVersion = 10.0.40219.1
Project("{FAE04EC0-301F-11D3-BF4B-00C04F79EFBC}") = "톨게이트프로그램", "톨게이트프로그램\톨게이트프로그램.csproj", "{29A1DDF2-00BE-490F-9CAC-B8C2F6BBCDF5}"
EndProject
Global
	GlobalSection(SolutionConfigurationPlatforms) = preSolution
		Debug|Any CPU = Debug|Any CPU
		Release|Any CPU = Release|Any CPU
	EndGlobalSection
	GlobalSection(ProjectConfigurationPlatforms) = postSolution
		{29A1DDF2-00BE-490F-9CAC-B8C2F6BBCDF5}.Debug|Any CPU.ActiveCfg = Debug|Any CPU
		{29A1DDF2-00BE-490F-9CAC-B8C2F6BBCDF5}.Debug|Any CPU.Build.0 = Debug|Any CPU
		{29A1DDF2-00BE-490F-9CAC-B8C2F6BBCDF5}.Release|Any CPU.ActiveCfg = Release|Any CPU
		{29A1DDF2-00BE-490F-9CAC-B8C2F6BBCDF5}.Release|Any CPU.Build.0 = Release|Any CPU
	EndGlobalSection
	GlobalSection(SolutionProperties) = preSolution
		HideSolutionNode = FALSE
	EndGlobalSection
	GlobalSection(ExtensibilityGlobals) = postSolution
		SolutionGuid = {F9C88A54-CBFD-4CB4-AE82-D9B924FC5183}
	EndGlobalSection
EndGlobal
